
Microsoft Visual Studio Solution File, Format Version 11.00
# Visual Studio 2010
Project("{FAE04EC0-301F-11D3-BF4B-00C04F79EFBC}") = "BizTalkZombieManagement", "BizTalkZombieManagement\BizTalkZombieManagement.csproj", "{D455FF7C-64ED-4A3F-AAE9-78EAC7CA5A03}"
EndProject
Project("{54435603-DBB4-11D2-8724-00A0C9A8B90C}") = "ServiceSetup", "ServiceSetup\ServiceSetup.vdproj", "{A6FA922A-487E-4D1E-876C-DB5005557BBB}"
EndProject
Project("{2150E333-8FDC-42A3-9474-1A3956D46DE8}") = "Entities", "Entities", "{751A14E7-BBDD-4E3C-AD39-C86A06AEB619}"
EndProject
Project("{FAE04EC0-301F-11D3-BF4B-00C04F79EFBC}") = "BizTalkZombieManagement.Entities", "Entities\BizTalkZombieManagement.Entities\BizTalkZombieManagement.Entities.csproj", "{938A4757-362F-410C-B98D-42FF1FBF4E11}"
EndProject
Project("{2150E333-8FDC-42A3-9474-1A3956D46DE8}") = "Contract", "Contract", "{EE3B6154-1582-4205-B85E-503E126BC4F1}"
EndProject
Project("{FAE04EC0-301F-11D3-BF4B-00C04F79EFBC}") = "BizTalkZombieManagement.Contracts", "Contracts\BizTalkZombieManagement.Contracts\BizTalkZombieManagement.Contracts.csproj", "{480282E7-BA08-4267-94B3-3BA0769816C7}"
EndProject
Project("{2150E333-8FDC-42A3-9474-1A3956D46DE8}") = "DAL", "DAL", "{8933D7E1-CA3B-42AD-A333-DAC20006E6C2}"
EndProject
Project("{FAE04EC0-301F-11D3-BF4B-00C04F79EFBC}") = "BizTalkZombieManagement.Dal", "DAL\BizTalkZombieManagement.DAL\BizTalkZombieManagement.Dal.csproj", "{FE811439-3BBF-4132-977A-C62458E86E85}"
EndProject
Project("{2150E333-8FDC-42A3-9474-1A3956D46DE8}") = "Resources", "Resources", "{A2C91732-277B-49AE-8443-AF2F6200E09E}"
EndProject
Project("{FAE04EC0-301F-11D3-BF4B-00C04F79EFBC}") = "BizTalkZombieManagement.Resources", "Resources\BizTalkZombieManagement.Resources\BizTalkZombieManagement.Resources.csproj", "{2BDFF411-A81B-418A-B6E4-656548044793}"
EndProject
Project("{2150E333-8FDC-42A3-9474-1A3956D46DE8}") = "Business", "Business", "{5AECF680-BA34-464F-A613-82973F56201B}"
EndProject
Project("{FAE04EC0-301F-11D3-BF4B-00C04F79EFBC}") = "BizTalkZombieManagement.Business", "Business\BizTalkZombieManagement.Business\BizTalkZombieManagement.Business.csproj", "{D5542372-D06E-4A49-9BFC-AF82AF2526DD}"
EndProject
Project("{2150E333-8FDC-42A3-9474-1A3956D46DE8}") = "UI", "UI", "{85660263-5A39-4DDB-AA42-6FAC205E33C4}"
EndProject
Project("{FAE04EC0-301F-11D3-BF4B-00C04F79EFBC}") = "BizTalkZombieManagement.UI.Configuration", "UI\BizTalkZombieManagement.UI.Configuration\BizTalkZombieManagement.UI.Configuration.csproj", "{3A3472CA-804E-4547-A3F7-29AD07B670C5}"
EndProject
Project("{2150E333-8FDC-42A3-9474-1A3956D46DE8}") = "Binaries", "Binaries", "{5311A957-FB44-4CBB-A854-85034041F759}"
	ProjectSection(SolutionItems) = preProject
		..\Binaries\ReuxablesLegacy.dll = ..\Binaries\ReuxablesLegacy.dll
	EndProjectSection
EndProject
Project("{930C7802-8A8C-48F9-8165-68863BCCD9DD}") = "ServiceSetupWIX", "ServiceSetup\ServiceSetupWIX\ServiceSetupWIX.wixproj", "{FD885A0B-3C7F-4536-93E5-1EEF55A102E9}"
EndProject
Project("{2150E333-8FDC-42A3-9474-1A3956D46DE8}") = "Binding", "Binding", "{87410127-F845-45B0-93FA-AB9124C47755}"
	ProjectSection(SolutionItems) = preProject
		..\Binding\NamedPipeBinding.xml = ..\Binding\NamedPipeBinding.xml
		..\Binding\TcpBinding.xml = ..\Binding\TcpBinding.xml
		..\Binding\WsHttpBinding.xml = ..\Binding\WsHttpBinding.xml
	EndProjectSection
EndProject
Global
	GlobalSection(TeamFoundationVersionControl) = preSolution
		SccNumberOfProjects = 10
		SccEnterpriseProvider = {4CA58AB2-18FA-4F8D-95D4-32DDF27D184C}
		SccTeamFoundationServer = https://tfs.codeplex.com/tfs/tfs35
		SccLocalPath0 = .
		SccProjectUniqueName1 = BizTalkZombieManagement\\BizTalkZombieManagement.csproj
		SccProjectName1 = BizTalkZombieManagement
		SccLocalPath1 = BizTalkZombieManagement
		SccProjectUniqueName2 = ServiceSetup\\ServiceSetup.vdproj
		SccProjectName2 = ServiceSetup
		SccLocalPath2 = ServiceSetup
		SccProjectUniqueName3 = Entities\\BizTalkZombieManagement.Entities\\BizTalkZombieManagement.Entities.csproj
		SccProjectTopLevelParentUniqueName3 = BizTalkZombieManagement.sln
		SccProjectName3 = Entities/BizTalkZombieManagement.Entities
		SccLocalPath3 = Entities\\BizTalkZombieManagement.Entities
		SccProjectUniqueName4 = Contracts\\BizTalkZombieManagement.Contracts\\BizTalkZombieManagement.Contracts.csproj
		SccProjectTopLevelParentUniqueName4 = BizTalkZombieManagement.sln
		SccProjectName4 = Contracts/BizTalkZombieManagement.Contracts
		SccLocalPath4 = Contracts\\BizTalkZombieManagement.Contracts
		SccProjectUniqueName5 = DAL\\BizTalkZombieManagement.DAL\\BizTalkZombieManagement.Dal.csproj
		SccProjectTopLevelParentUniqueName5 = BizTalkZombieManagement.sln
		SccProjectName5 = DAL/BizTalkZombieManagement.DAL
		SccLocalPath5 = DAL\\BizTalkZombieManagement.DAL
		SccProjectUniqueName6 = Resources\\BizTalkZombieManagement.Resources\\BizTalkZombieManagement.Resources.csproj
		SccProjectTopLevelParentUniqueName6 = BizTalkZombieManagement.sln
		SccProjectName6 = Resources/BizTalkZombieManagement.Resources
		SccLocalPath6 = Resources\\BizTalkZombieManagement.Resources
		SccProjectUniqueName7 = Business\\BizTalkZombieManagement.Business\\BizTalkZombieManagement.Business.csproj
		SccProjectTopLevelParentUniqueName7 = BizTalkZombieManagement.sln
		SccProjectName7 = Business/BizTalkZombieManagement.Business
		SccLocalPath7 = Business\\BizTalkZombieManagement.Business
		SccProjectUniqueName8 = UI\\BizTalkZombieManagement.UI.Configuration\\BizTalkZombieManagement.UI.Configuration.csproj
		SccProjectTopLevelParentUniqueName8 = BizTalkZombieManagement.sln
		SccProjectName8 = UI/BizTalkZombieManagement.UI.Configuration
		SccLocalPath8 = UI\\BizTalkZombieManagement.UI.Configuration
		SccProjectUniqueName9 = ServiceSetup\\ServiceSetupWIX\\ServiceSetupWIX.wixproj
		SccProjectName9 = ServiceSetup/ServiceSetupWIX
		SccLocalPath9 = ServiceSetup\\ServiceSetupWIX
	EndGlobalSection
	GlobalSection(SolutionConfigurationPlatforms) = preSolution
		Code Analysis|Any CPU = Code Analysis|Any CPU
		Code Analysis|Mixed Platforms = Code Analysis|Mixed Platforms
		Code Analysis|x86 = Code Analysis|x86
		Debug|Any CPU = Debug|Any CPU
		Debug|Mixed Platforms = Debug|Mixed Platforms
		Debug|x86 = Debug|x86
		Release|Any CPU = Release|Any CPU
		Release|Mixed Platforms = Release|Mixed Platforms
		Release|x86 = Release|x86
	EndGlobalSection
	GlobalSection(ProjectConfigurationPlatforms) = postSolution
		{D455FF7C-64ED-4A3F-AAE9-78EAC7CA5A03}.Code Analysis|Any CPU.ActiveCfg = Code Analysis|Any CPU
		{D455FF7C-64ED-4A3F-AAE9-78EAC7CA5A03}.Code Analysis|Any CPU.Build.0 = Code Analysis|Any CPU
		{D455FF7C-64ED-4A3F-AAE9-78EAC7CA5A03}.Code Analysis|Mixed Platforms.ActiveCfg = Code Analysis|Any CPU
		{D455FF7C-64ED-4A3F-AAE9-78EAC7CA5A03}.Code Analysis|Mixed Platforms.Build.0 = Code Analysis|Any CPU
		{D455FF7C-64ED-4A3F-AAE9-78EAC7CA5A03}.Code Analysis|x86.ActiveCfg = Code Analysis|x86
		{D455FF7C-64ED-4A3F-AAE9-78EAC7CA5A03}.Code Analysis|x86.Build.0 = Code Analysis|x86
		{D455FF7C-64ED-4A3F-AAE9-78EAC7CA5A03}.Debug|Any CPU.ActiveCfg = Debug|Any CPU
		{D455FF7C-64ED-4A3F-AAE9-78EAC7CA5A03}.Debug|Any CPU.Build.0 = Debug|Any CPU
		{D455FF7C-64ED-4A3F-AAE9-78EAC7CA5A03}.Debug|Mixed Platforms.ActiveCfg = Debug|Any CPU
		{D455FF7C-64ED-4A3F-AAE9-78EAC7CA5A03}.Debug|Mixed Platforms.Build.0 = Debug|Any CPU
		{D455FF7C-64ED-4A3F-AAE9-78EAC7CA5A03}.Debug|x86.ActiveCfg = Debug|Any CPU
		{D455FF7C-64ED-4A3F-AAE9-78EAC7CA5A03}.Debug|x86.Build.0 = Debug|Any CPU
		{D455FF7C-64ED-4A3F-AAE9-78EAC7CA5A03}.Release|Any CPU.ActiveCfg = Release|Any CPU
		{D455FF7C-64ED-4A3F-AAE9-78EAC7CA5A03}.Release|Any CPU.Build.0 = Release|Any CPU
		{D455FF7C-64ED-4A3F-AAE9-78EAC7CA5A03}.Release|Mixed Platforms.ActiveCfg = Release|Any CPU
		{D455FF7C-64ED-4A3F-AAE9-78EAC7CA5A03}.Release|Mixed Platforms.Build.0 = Release|Any CPU
		{D455FF7C-64ED-4A3F-AAE9-78EAC7CA5A03}.Release|x86.ActiveCfg = Release|x86
		{D455FF7C-64ED-4A3F-AAE9-78EAC7CA5A03}.Release|x86.Build.0 = Release|x86
		{A6FA922A-487E-4D1E-876C-DB5005557BBB}.Code Analysis|Any CPU.ActiveCfg = Code Analysis
		{A6FA922A-487E-4D1E-876C-DB5005557BBB}.Code Analysis|Mixed Platforms.ActiveCfg = Code Analysis
		{A6FA922A-487E-4D1E-876C-DB5005557BBB}.Code Analysis|Mixed Platforms.Build.0 = Code Analysis
		{A6FA922A-487E-4D1E-876C-DB5005557BBB}.Code Analysis|x86.ActiveCfg = Code Analysis
		{A6FA922A-487E-4D1E-876C-DB5005557BBB}.Code Analysis|x86.Build.0 = Code Analysis
		{A6FA922A-487E-4D1E-876C-DB5005557BBB}.Debug|Any CPU.ActiveCfg = Debug
		{A6FA922A-487E-4D1E-876C-DB5005557BBB}.Debug|Mixed Platforms.ActiveCfg = Debug
		{A6FA922A-487E-4D1E-876C-DB5005557BBB}.Debug|x86.ActiveCfg = Debug
		{A6FA922A-487E-4D1E-876C-DB5005557BBB}.Release|Any CPU.ActiveCfg = Release
		{A6FA922A-487E-4D1E-876C-DB5005557BBB}.Release|Any CPU.Build.0 = Release
		{A6FA922A-487E-4D1E-876C-DB5005557BBB}.Release|Mixed Platforms.ActiveCfg = Release
		{A6FA922A-487E-4D1E-876C-DB5005557BBB}.Release|Mixed Platforms.Build.0 = Release
		{A6FA922A-487E-4D1E-876C-DB5005557BBB}.Release|x86.ActiveCfg = Release
		{938A4757-362F-410C-B98D-42FF1FBF4E11}.Code Analysis|Any CPU.ActiveCfg = Code Analysis|Any CPU
		{938A4757-362F-410C-B98D-42FF1FBF4E11}.Code Analysis|Any CPU.Build.0 = Code Analysis|Any CPU
		{938A4757-362F-410C-B98D-42FF1FBF4E11}.Code Analysis|Mixed Platforms.ActiveCfg = Code Analysis|Any CPU
		{938A4757-362F-410C-B98D-42FF1FBF4E11}.Code Analysis|Mixed Platforms.Build.0 = Code Analysis|Any CPU
		{938A4757-362F-410C-B98D-42FF1FBF4E11}.Code Analysis|x86.ActiveCfg = Code Analysis|Any CPU
		{938A4757-362F-410C-B98D-42FF1FBF4E11}.Debug|Any CPU.ActiveCfg = Debug|Any CPU
		{938A4757-362F-410C-B98D-42FF1FBF4E11}.Debug|Any CPU.Build.0 = Debug|Any CPU
		{938A4757-362F-410C-B98D-42FF1FBF4E11}.Debug|Mixed Platforms.ActiveCfg = Debug|Any CPU
		{938A4757-362F-410C-B98D-42FF1FBF4E11}.Debug|Mixed Platforms.Build.0 = Debug|Any CPU
		{938A4757-362F-410C-B98D-42FF1FBF4E11}.Debug|x86.ActiveCfg = Debug|Any CPU
		{938A4757-362F-410C-B98D-42FF1FBF4E11}.Debug|x86.Build.0 = Debug|Any CPU
		{938A4757-362F-410C-B98D-42FF1FBF4E11}.Release|Any CPU.ActiveCfg = Release|Any CPU
		{938A4757-362F-410C-B98D-42FF1FBF4E11}.Release|Any CPU.Build.0 = Release|Any CPU
		{938A4757-362F-410C-B98D-42FF1FBF4E11}.Release|Mixed Platforms.ActiveCfg = Release|Any CPU
		{938A4757-362F-410C-B98D-42FF1FBF4E11}.Release|Mixed Platforms.Build.0 = Release|Any CPU
		{938A4757-362F-410C-B98D-42FF1FBF4E11}.Release|x86.ActiveCfg = Release|Any CPU
		{480282E7-BA08-4267-94B3-3BA0769816C7}.Code Analysis|Any CPU.ActiveCfg = Code Analysis|Any CPU
		{480282E7-BA08-4267-94B3-3BA0769816C7}.Code Analysis|Any CPU.Build.0 = Code Analysis|Any CPU
		{480282E7-BA08-4267-94B3-3BA0769816C7}.Code Analysis|Mixed Platforms.ActiveCfg = Code Analysis|Any CPU
		{480282E7-BA08-4267-94B3-3BA0769816C7}.Code Analysis|Mixed Platforms.Build.0 = Code Analysis|Any CPU
		{480282E7-BA08-4267-94B3-3BA0769816C7}.Code Analysis|x86.ActiveCfg = Code Analysis|Any CPU
		{480282E7-BA08-4267-94B3-3BA0769816C7}.Debug|Any CPU.ActiveCfg = Debug|Any CPU
		{480282E7-BA08-4267-94B3-3BA0769816C7}.Debug|Any CPU.Build.0 = Debug|Any CPU
		{480282E7-BA08-4267-94B3-3BA0769816C7}.Debug|Mixed Platforms.ActiveCfg = Debug|Any CPU
		{480282E7-BA08-4267-94B3-3BA0769816C7}.Debug|Mixed Platforms.Build.0 = Debug|Any CPU
		{480282E7-BA08-4267-94B3-3BA0769816C7}.Debug|x86.ActiveCfg = Debug|Any CPU
		{480282E7-BA08-4267-94B3-3BA0769816C7}.Release|Any CPU.ActiveCfg = Release|Any CPU
		{480282E7-BA08-4267-94B3-3BA0769816C7}.Release|Any CPU.Build.0 = Release|Any CPU
		{480282E7-BA08-4267-94B3-3BA0769816C7}.Release|Mixed Platforms.ActiveCfg = Release|Any CPU
		{480282E7-BA08-4267-94B3-3BA0769816C7}.Release|Mixed Platforms.Build.0 = Release|Any CPU
		{480282E7-BA08-4267-94B3-3BA0769816C7}.Release|x86.ActiveCfg = Release|Any CPU
		{FE811439-3BBF-4132-977A-C62458E86E85}.Code Analysis|Any CPU.ActiveCfg = Code Analysis|Any CPU
		{FE811439-3BBF-4132-977A-C62458E86E85}.Code Analysis|Any CPU.Build.0 = Code Analysis|Any CPU
		{FE811439-3BBF-4132-977A-C62458E86E85}.Code Analysis|Mixed Platforms.ActiveCfg = Code Analysis|Any CPU
		{FE811439-3BBF-4132-977A-C62458E86E85}.Code Analysis|Mixed Platforms.Build.0 = Code Analysis|Any CPU
		{FE811439-3BBF-4132-977A-C62458E86E85}.Code Analysis|x86.ActiveCfg = Code Analysis|Any CPU
		{FE811439-3BBF-4132-977A-C62458E86E85}.Debug|Any CPU.ActiveCfg = Debug|Any CPU
		{FE811439-3BBF-4132-977A-C62458E86E85}.Debug|Any CPU.Build.0 = Debug|Any CPU
		{FE811439-3BBF-4132-977A-C62458E86E85}.Debug|Mixed Platforms.ActiveCfg = Debug|Any CPU
		{FE811439-3BBF-4132-977A-C62458E86E85}.Debug|Mixed Platforms.Build.0 = Debug|Any CPU
		{FE811439-3BBF-4132-977A-C62458E86E85}.Debug|x86.ActiveCfg = Debug|Any CPU
		{FE811439-3BBF-4132-977A-C62458E86E85}.Release|Any CPU.ActiveCfg = Release|Any CPU
		{FE811439-3BBF-4132-977A-C62458E86E85}.Release|Any CPU.Build.0 = Release|Any CPU
		{FE811439-3BBF-4132-977A-C62458E86E85}.Release|Mixed Platforms.ActiveCfg = Release|Any CPU
		{FE811439-3BBF-4132-977A-C62458E86E85}.Release|Mixed Platforms.Build.0 = Release|Any CPU
		{FE811439-3BBF-4132-977A-C62458E86E85}.Release|x86.ActiveCfg = Release|Any CPU
		{2BDFF411-A81B-418A-B6E4-656548044793}.Code Analysis|Any CPU.ActiveCfg = Code Analysis|Any CPU
		{2BDFF411-A81B-418A-B6E4-656548044793}.Code Analysis|Any CPU.Build.0 = Code Analysis|Any CPU
		{2BDFF411-A81B-418A-B6E4-656548044793}.Code Analysis|Mixed Platforms.ActiveCfg = Code Analysis|Any CPU
		{2BDFF411-A81B-418A-B6E4-656548044793}.Code Analysis|Mixed Platforms.Build.0 = Code Analysis|Any CPU
		{2BDFF411-A81B-418A-B6E4-656548044793}.Code Analysis|x86.ActiveCfg = Code Analysis|Any CPU
		{2BDFF411-A81B-418A-B6E4-656548044793}.Debug|Any CPU.ActiveCfg = Debug|Any CPU
		{2BDFF411-A81B-418A-B6E4-656548044793}.Debug|Any CPU.Build.0 = Debug|Any CPU
		{2BDFF411-A81B-418A-B6E4-656548044793}.Debug|Mixed Platforms.ActiveCfg = Debug|Any CPU
		{2BDFF411-A81B-418A-B6E4-656548044793}.Debug|Mixed Platforms.Build.0 = Debug|Any CPU
		{2BDFF411-A81B-418A-B6E4-656548044793}.Debug|x86.ActiveCfg = Debug|Any CPU
		{2BDFF411-A81B-418A-B6E4-656548044793}.Release|Any CPU.ActiveCfg = Release|Any CPU
		{2BDFF411-A81B-418A-B6E4-656548044793}.Release|Any CPU.Build.0 = Release|Any CPU
		{2BDFF411-A81B-418A-B6E4-656548044793}.Release|Mixed Platforms.ActiveCfg = Release|Any CPU
		{2BDFF411-A81B-418A-B6E4-656548044793}.Release|Mixed Platforms.Build.0 = Release|Any CPU
		{2BDFF411-A81B-418A-B6E4-656548044793}.Release|x86.ActiveCfg = Release|Any CPU
		{D5542372-D06E-4A49-9BFC-AF82AF2526DD}.Code Analysis|Any CPU.ActiveCfg = Code Analysis|Any CPU
		{D5542372-D06E-4A49-9BFC-AF82AF2526DD}.Code Analysis|Any CPU.Build.0 = Code Analysis|Any CPU
		{D5542372-D06E-4A49-9BFC-AF82AF2526DD}.Code Analysis|Mixed Platforms.ActiveCfg = Code Analysis|Any CPU
		{D5542372-D06E-4A49-9BFC-AF82AF2526DD}.Code Analysis|Mixed Platforms.Build.0 = Code Analysis|Any CPU
		{D5542372-D06E-4A49-9BFC-AF82AF2526DD}.Code Analysis|x86.ActiveCfg = Code Analysis|Any CPU
		{D5542372-D06E-4A49-9BFC-AF82AF2526DD}.Debug|Any CPU.ActiveCfg = Debug|Any CPU
		{D5542372-D06E-4A49-9BFC-AF82AF2526DD}.Debug|Any CPU.Build.0 = Debug|Any CPU
		{D5542372-D06E-4A49-9BFC-AF82AF2526DD}.Debug|Mixed Platforms.ActiveCfg = Debug|Any CPU
		{D5542372-D06E-4A49-9BFC-AF82AF2526DD}.Debug|Mixed Platforms.Build.0 = Debug|Any CPU
		{D5542372-D06E-4A49-9BFC-AF82AF2526DD}.Debug|x86.ActiveCfg = Debug|Any CPU
		{D5542372-D06E-4A49-9BFC-AF82AF2526DD}.Release|Any CPU.ActiveCfg = Release|Any CPU
		{D5542372-D06E-4A49-9BFC-AF82AF2526DD}.Release|Any CPU.Build.0 = Release|Any CPU
		{D5542372-D06E-4A49-9BFC-AF82AF2526DD}.Release|Mixed Platforms.ActiveCfg = Release|Any CPU
		{D5542372-D06E-4A49-9BFC-AF82AF2526DD}.Release|Mixed Platforms.Build.0 = Release|Any CPU
		{D5542372-D06E-4A49-9BFC-AF82AF2526DD}.Release|x86.ActiveCfg = Release|Any CPU
		{3A3472CA-804E-4547-A3F7-29AD07B670C5}.Code Analysis|Any CPU.ActiveCfg = Code Analysis|Any CPU
		{3A3472CA-804E-4547-A3F7-29AD07B670C5}.Code Analysis|Any CPU.Build.0 = Code Analysis|Any CPU
		{3A3472CA-804E-4547-A3F7-29AD07B670C5}.Code Analysis|Mixed Platforms.ActiveCfg = Code Analysis|Any CPU
		{3A3472CA-804E-4547-A3F7-29AD07B670C5}.Code Analysis|Mixed Platforms.Build.0 = Code Analysis|Any CPU
		{3A3472CA-804E-4547-A3F7-29AD07B670C5}.Code Analysis|x86.ActiveCfg = Code Analysis|Any CPU
		{3A3472CA-804E-4547-A3F7-29AD07B670C5}.Debug|Any CPU.ActiveCfg = Debug|Any CPU
		{3A3472CA-804E-4547-A3F7-29AD07B670C5}.Debug|Any CPU.Build.0 = Debug|Any CPU
		{3A3472CA-804E-4547-A3F7-29AD07B670C5}.Debug|Mixed Platforms.ActiveCfg = Debug|Any CPU
		{3A3472CA-804E-4547-A3F7-29AD07B670C5}.Debug|Mixed Platforms.Build.0 = Debug|Any CPU
		{3A3472CA-804E-4547-A3F7-29AD07B670C5}.Debug|x86.ActiveCfg = Debug|Any CPU
		{3A3472CA-804E-4547-A3F7-29AD07B670C5}.Release|Any CPU.ActiveCfg = Release|Any CPU
		{3A3472CA-804E-4547-A3F7-29AD07B670C5}.Release|Any CPU.Build.0 = Release|Any CPU
		{3A3472CA-804E-4547-A3F7-29AD07B670C5}.Release|Mixed Platforms.ActiveCfg = Release|Any CPU
		{3A3472CA-804E-4547-A3F7-29AD07B670C5}.Release|Mixed Platforms.Build.0 = Release|Any CPU
		{3A3472CA-804E-4547-A3F7-29AD07B670C5}.Release|x86.ActiveCfg = Release|Any CPU
		{FD885A0B-3C7F-4536-93E5-1EEF55A102E9}.Code Analysis|Any CPU.ActiveCfg = Release|x86
		{FD885A0B-3C7F-4536-93E5-1EEF55A102E9}.Code Analysis|Mixed Platforms.ActiveCfg = Release|x86
		{FD885A0B-3C7F-4536-93E5-1EEF55A102E9}.Code Analysis|x86.ActiveCfg = Release|x86
		{FD885A0B-3C7F-4536-93E5-1EEF55A102E9}.Code Analysis|x86.Build.0 = Release|x86
		{FD885A0B-3C7F-4536-93E5-1EEF55A102E9}.Debug|Any CPU.ActiveCfg = Debug|x86
		{FD885A0B-3C7F-4536-93E5-1EEF55A102E9}.Debug|Mixed Platforms.ActiveCfg = Debug|x86
		{FD885A0B-3C7F-4536-93E5-1EEF55A102E9}.Debug|x86.ActiveCfg = Debug|x86
		{FD885A0B-3C7F-4536-93E5-1EEF55A102E9}.Debug|x86.Build.0 = Debug|x86
		{FD885A0B-3C7F-4536-93E5-1EEF55A102E9}.Release|Any CPU.ActiveCfg = Release|x86
		{FD885A0B-3C7F-4536-93E5-1EEF55A102E9}.Release|Mixed Platforms.ActiveCfg = Release|x86
		{FD885A0B-3C7F-4536-93E5-1EEF55A102E9}.Release|x86.ActiveCfg = Release|x86
		{FD885A0B-3C7F-4536-93E5-1EEF55A102E9}.Release|x86.Build.0 = Release|x86
	EndGlobalSection
	GlobalSection(SolutionProperties) = preSolution
		HideSolutionNode = FALSE
	EndGlobalSection
	GlobalSection(NestedProjects) = preSolution
		{938A4757-362F-410C-B98D-42FF1FBF4E11} = {751A14E7-BBDD-4E3C-AD39-C86A06AEB619}
		{A2C91732-277B-49AE-8443-AF2F6200E09E} = {751A14E7-BBDD-4E3C-AD39-C86A06AEB619}
		{480282E7-BA08-4267-94B3-3BA0769816C7} = {EE3B6154-1582-4205-B85E-503E126BC4F1}
		{FE811439-3BBF-4132-977A-C62458E86E85} = {8933D7E1-CA3B-42AD-A333-DAC20006E6C2}
		{2BDFF411-A81B-418A-B6E4-656548044793} = {A2C91732-277B-49AE-8443-AF2F6200E09E}
		{D5542372-D06E-4A49-9BFC-AF82AF2526DD} = {5AECF680-BA34-464F-A613-82973F56201B}
		{3A3472CA-804E-4547-A3F7-29AD07B670C5} = {85660263-5A39-4DDB-AA42-6FAC205E33C4}
	EndGlobalSection
EndGlobal
