
Microsoft Visual Studio Solution File, Format Version 11.00
# Visual Studio 2010
Project("{FAE04EC0-301F-11D3-BF4B-00C04F79EFBC}") = "BizTalkZombieManagement", "BizTalkZombieManagement\BizTalkZombieManagement.csproj", "{D455FF7C-64ED-4A3F-AAE9-78EAC7CA5A03}"
EndProject
Project("{54435603-DBB4-11D2-8724-00A0C9A8B90C}") = "ServiceSetup", "ServiceSetup\ServiceSetup.vdproj", "{A6FA922A-487E-4D1E-876C-DB5005557BBB}"
EndProject
Global
	GlobalSection(TeamFoundationVersionControl) = preSolution
		SccNumberOfProjects = 3
		SccEnterpriseProvider = {4CA58AB2-18FA-4F8D-95D4-32DDF27D184C}
		SccTeamFoundationServer = https://tfs.codeplex.com/tfs/tfs35
		SccLocalPath0 = .
		SccProjectUniqueName1 = BizTalkZombieManagement\\BizTalkZombieManagement.csproj
		SccProjectName1 = BizTalkZombieManagement
		SccLocalPath1 = BizTalkZombieManagement
		SccProjectUniqueName2 = ServiceSetup\\ServiceSetup.vdproj
		SccProjectName2 = ServiceSetup
		SccLocalPath2 = ServiceSetup
	EndGlobalSection
	GlobalSection(SolutionConfigurationPlatforms) = preSolution
		Debug|x86 = Debug|x86
		Release|x86 = Release|x86
	EndGlobalSection
	GlobalSection(ProjectConfigurationPlatforms) = postSolution
		{D455FF7C-64ED-4A3F-AAE9-78EAC7CA5A03}.Debug|x86.ActiveCfg = Debug|x86
		{D455FF7C-64ED-4A3F-AAE9-78EAC7CA5A03}.Debug|x86.Build.0 = Debug|x86
		{D455FF7C-64ED-4A3F-AAE9-78EAC7CA5A03}.Release|x86.ActiveCfg = Release|x86
		{D455FF7C-64ED-4A3F-AAE9-78EAC7CA5A03}.Release|x86.Build.0 = Release|x86
		{A6FA922A-487E-4D1E-876C-DB5005557BBB}.Debug|x86.ActiveCfg = Debug
		{A6FA922A-487E-4D1E-876C-DB5005557BBB}.Release|x86.ActiveCfg = Release
	EndGlobalSection
	GlobalSection(SolutionProperties) = preSolution
		HideSolutionNode = FALSE
	EndGlobalSection
EndGlobal
